
Microsoft Visual Studio Solution File, Format Version 12.00
# Visual Studio 15
VisualStudioVersion = 15.0.28307.960
MinimumVisualStudioVersion = 10.0.40219.1
Project("{F2A71F9B-5D33-465A-A702-920D77279786}") = "Calculator", "Calculator\Calculator.fsproj", "{1E2589C7-923E-4BD8-B078-9A8A51B8D9A4}"
EndProject
Global
	GlobalSection(SolutionConfigurationPlatforms) = preSolution
		Debug|Any CPU = Debug|Any CPU
		Release|Any CPU = Release|Any CPU
	EndGlobalSection
	GlobalSection(ProjectConfigurationPlatforms) = postSolution
		{1E2589C7-923E-4BD8-B078-9A8A51B8D9A4}.Debug|Any CPU.ActiveCfg = Debug|Any CPU
		{1E2589C7-923E-4BD8-B078-9A8A51B8D9A4}.Debug|Any CPU.Build.0 = Debug|Any CPU
		{1E2589C7-923E-4BD8-B078-9A8A51B8D9A4}.Release|Any CPU.ActiveCfg = Release|Any CPU
		{1E2589C7-923E-4BD8-B078-9A8A51B8D9A4}.Release|Any CPU.Build.0 = Release|Any CPU
	EndGlobalSection
	GlobalSection(SolutionProperties) = preSolution
		HideSolutionNode = FALSE
	EndGlobalSection
	GlobalSection(ExtensibilityGlobals) = postSolution
		SolutionGuid = {F11BAAF1-4852-4BCA-9A63-FBA0A41D3598}
	EndGlobalSection
EndGlobal
